
Microsoft Visual Studio Solution File, Format Version 12.00
# Visual Studio 2012
Project("{FAE04EC0-301F-11D3-BF4B-00C04F79EFBC}") = "Core", "Core\Core.csproj", "{3EEC17D8-3498-4929-9D71-1B0BB8236242}"
EndProject
Project("{2150E333-8FDC-42A3-9474-1A3956D46DE8}") = "Exporters", "Exporters", "{8F6BD82F-9E4E-4BFA-99EA-EF5D8C31EC14}"
EndProject
Project("{FAE04EC0-301F-11D3-BF4B-00C04F79EFBC}") = "Excel", "Exporters\Excel\Excel.csproj", "{EAE71554-1838-48AB-A7DA-18BF447FEB7E}"
EndProject
Project("{FAE04EC0-301F-11D3-BF4B-00C04F79EFBC}") = "Samples", "Samples\Samples.csproj", "{4D7B7B72-2CFF-4703-902B-9A477F871036}"
EndProject
Project("{2150E333-8FDC-42A3-9474-1A3956D46DE8}") = ".nuget", ".nuget", "{7D983BA6-E3AD-428F-9E64-7EB3BA59E66F}"
	ProjectSection(SolutionItems) = preProject
		.nuget\NuGet.Config = .nuget\NuGet.Config
		.nuget\NuGet.exe = .nuget\NuGet.exe
		.nuget\NuGet.targets = .nuget\NuGet.targets
	EndProjectSection
EndProject
Project("{2150E333-8FDC-42A3-9474-1A3956D46DE8}") = "Assets", "Assets", "{3EFBD216-20F1-4377-B11C-EDC80F763F7D}"
	ProjectSection(SolutionItems) = preProject
		Assets\Template.xlsx = Assets\Template.xlsx
	EndProjectSection
EndProject
Project("{FAE04EC0-301F-11D3-BF4B-00C04F79EFBC}") = "Console", "Console\Console.csproj", "{AD5140B2-ED43-4364-934A-BEDB664381E3}"
EndProject
Project("{2150E333-8FDC-42A3-9474-1A3956D46DE8}") = "Solution Items", "Solution Items", "{9F5DB5D4-B48B-4A5B-A578-A39A1C92FA89}"
	ProjectSection(SolutionItems) = preProject
		read me.txt = read me.txt
	EndProjectSection
EndProject
Global
	GlobalSection(SolutionConfigurationPlatforms) = preSolution
		Debug|Any CPU = Debug|Any CPU
		Release|Any CPU = Release|Any CPU
	EndGlobalSection
	GlobalSection(ProjectConfigurationPlatforms) = postSolution
		{3EEC17D8-3498-4929-9D71-1B0BB8236242}.Debug|Any CPU.ActiveCfg = Debug|Any CPU
		{3EEC17D8-3498-4929-9D71-1B0BB8236242}.Debug|Any CPU.Build.0 = Debug|Any CPU
		{3EEC17D8-3498-4929-9D71-1B0BB8236242}.Release|Any CPU.ActiveCfg = Release|Any CPU
		{3EEC17D8-3498-4929-9D71-1B0BB8236242}.Release|Any CPU.Build.0 = Release|Any CPU
		{EAE71554-1838-48AB-A7DA-18BF447FEB7E}.Debug|Any CPU.ActiveCfg = Debug|Any CPU
		{EAE71554-1838-48AB-A7DA-18BF447FEB7E}.Debug|Any CPU.Build.0 = Debug|Any CPU
		{EAE71554-1838-48AB-A7DA-18BF447FEB7E}.Release|Any CPU.ActiveCfg = Release|Any CPU
		{EAE71554-1838-48AB-A7DA-18BF447FEB7E}.Release|Any CPU.Build.0 = Release|Any CPU
		{4D7B7B72-2CFF-4703-902B-9A477F871036}.Debug|Any CPU.ActiveCfg = Debug|Any CPU
		{4D7B7B72-2CFF-4703-902B-9A477F871036}.Debug|Any CPU.Build.0 = Debug|Any CPU
		{4D7B7B72-2CFF-4703-902B-9A477F871036}.Release|Any CPU.ActiveCfg = Release|Any CPU
		{4D7B7B72-2CFF-4703-902B-9A477F871036}.Release|Any CPU.Build.0 = Release|Any CPU
		{AD5140B2-ED43-4364-934A-BEDB664381E3}.Debug|Any CPU.ActiveCfg = Debug|Any CPU
		{AD5140B2-ED43-4364-934A-BEDB664381E3}.Debug|Any CPU.Build.0 = Debug|Any CPU
		{AD5140B2-ED43-4364-934A-BEDB664381E3}.Release|Any CPU.ActiveCfg = Release|Any CPU
		{AD5140B2-ED43-4364-934A-BEDB664381E3}.Release|Any CPU.Build.0 = Release|Any CPU
	EndGlobalSection
	GlobalSection(SolutionProperties) = preSolution
		HideSolutionNode = FALSE
	EndGlobalSection
	GlobalSection(NestedProjects) = preSolution
		{EAE71554-1838-48AB-A7DA-18BF447FEB7E} = {8F6BD82F-9E4E-4BFA-99EA-EF5D8C31EC14}
	EndGlobalSection
EndGlobal
